
Microsoft Visual Studio Solution File, Format Version 12.00
# Visual Studio Version 17
VisualStudioVersion = 17.11.35312.102
MinimumVisualStudioVersion = 10.0.40219.1
Project("{FAE04EC0-301F-11D3-BF4B-00C04F79EFBC}") = "aplikasirentalmobil", "aplikasirentalmobil\aplikasirentalmobil.csproj", "{C0FD09F5-9711-413E-87BC-D4C3BE8A786C}"
EndProject
Global
	GlobalSection(SolutionConfigurationPlatforms) = preSolution
		Debug|Any CPU = Debug|Any CPU
		Release|Any CPU = Release|Any CPU
	EndGlobalSection
	GlobalSection(ProjectConfigurationPlatforms) = postSolution
		{C0FD09F5-9711-413E-87BC-D4C3BE8A786C}.Debug|Any CPU.ActiveCfg = Debug|Any CPU
		{C0FD09F5-9711-413E-87BC-D4C3BE8A786C}.Debug|Any CPU.Build.0 = Debug|Any CPU
		{C0FD09F5-9711-413E-87BC-D4C3BE8A786C}.Release|Any CPU.ActiveCfg = Release|Any CPU
		{C0FD09F5-9711-413E-87BC-D4C3BE8A786C}.Release|Any CPU.Build.0 = Release|Any CPU
	EndGlobalSection
	GlobalSection(SolutionProperties) = preSolution
		HideSolutionNode = FALSE
	EndGlobalSection
	GlobalSection(ExtensibilityGlobals) = postSolution
		SolutionGuid = {99D2B6A8-B1A5-4158-96FC-A5DEDD5AA598}
	EndGlobalSection
EndGlobal
